
Microsoft Visual Studio Solution File, Format Version 12.00
# Visual Studio Version 16
VisualStudioVersion = 16.0.31613.86
MinimumVisualStudioVersion = 10.0.40219.1
Project("{FAE04EC0-301F-11D3-BF4B-00C04F79EFBC}") = "locatudo", "locatudo.csproj", "{63D747A7-1BBD-498C-A0B9-1053E3F66457}"
EndProject
Global
	GlobalSection(SolutionConfigurationPlatforms) = preSolution
		Debug|Any CPU = Debug|Any CPU
		Release|Any CPU = Release|Any CPU
	EndGlobalSection
	GlobalSection(ProjectConfigurationPlatforms) = postSolution
		{63D747A7-1BBD-498C-A0B9-1053E3F66457}.Debug|Any CPU.ActiveCfg = Debug|Any CPU
		{63D747A7-1BBD-498C-A0B9-1053E3F66457}.Debug|Any CPU.Build.0 = Debug|Any CPU
		{63D747A7-1BBD-498C-A0B9-1053E3F66457}.Release|Any CPU.ActiveCfg = Release|Any CPU
		{63D747A7-1BBD-498C-A0B9-1053E3F66457}.Release|Any CPU.Build.0 = Release|Any CPU
	EndGlobalSection
	GlobalSection(SolutionProperties) = preSolution
		HideSolutionNode = FALSE
	EndGlobalSection
	GlobalSection(ExtensibilityGlobals) = postSolution
		SolutionGuid = {D9DA604D-4EE1-4E96-81BA-C8D59791903B}
	EndGlobalSection
EndGlobal
